// !$*UTF8*$!
{
	archiveVersion = 1;
	classes = {
	};
	objectVersion = 46;
	objects = {

/* Begin PBXBuildFile section */
		1D75DBDC1956C6FC0096090A /* AppDelegate.swift in Sources */ = {isa = PBXBuildFile; fileRef = 1D75DBDB1956C6FC0096090A /* AppDelegate.swift */; };
		1D75DBDE1956C6FC0096090A /* ViewController.swift in Sources */ = {isa = PBXBuildFile; fileRef = 1D75DBDD1956C6FC0096090A /* ViewController.swift */; };
		1D75DBE11956C6FC0096090A /* Main.storyboard in Resources */ = {isa = PBXBuildFile; fileRef = 1D75DBDF1956C6FC0096090A /* Main.storyboard */; };
		1D75DBE31956C6FC0096090A /* Images.xcassets in Resources */ = {isa = PBXBuildFile; fileRef = 1D75DBE21956C6FC0096090A /* Images.xcassets */; };
		1D75DBEF1956C6FC0096090A /* _02Tests.swift in Sources */ = {isa = PBXBuildFile; fileRef = 1D75DBEE1956C6FC0096090A /* _02Tests.swift */; };
/* End PBXBuildFile section */

/* Begin PBXContainerItemProxy section */
		1D75DBE91956C6FC0096090A /* PBXContainerItemProxy */ = {
			isa = PBXContainerItemProxy;
			containerPortal = 1D75DBCE1956C6FC0096090A /* Project object */;
			proxyType = 1;
			remoteGlobalIDString = 1D75DBD51956C6FC0096090A;
			remoteInfo = 002;
		};
/* End PBXContainerItemProxy section */

/* Begin PBXFileReference section */
		1D75DBD61956C6FC0096090A /* 002.app */ = {isa = PBXFileReference; explicitFileType = wrapper.application; includeInIndex = 0; path = 002.app; sourceTree = BUILT_PRODUCTS_DIR; };
		1D75DBDA1956C6FC0096090A /* Info.plist */ = {isa = PBXFileReference; lastKnownFileType = text.plist.xml; path = Info.plist; sourceTree = "<group>"; };
		1D75DBDB1956C6FC0096090A /* AppDelegate.swift */ = {isa = PBXFileReference; lastKnownFileType = sourcecode.swift; path = AppDelegate.swift; sourceTree = "<group>"; };
		1D75DBDD1956C6FC0096090A /* ViewController.swift */ = {isa = PBXFileReference; lastKnownFileType = sourcecode.swift; path = ViewController.swift; sourceTree = "<group>"; };
		1D75DBE01956C6FC0096090A /* Base */ = {isa = PBXFileReference; lastKnownFileType = file.storyboard; name = Base; path = Base.lproj/Main.storyboard; sourceTree = "<group>"; };
		1D75DBE21956C6FC0096090A /* Images.xcassets */ = {isa = PBXFileReference; lastKnownFileType = folder.assetcatalog; path = Images.xcassets; sourceTree = "<group>"; };
		1D75DBE81956C6FC0096090A /* 002Tests.xctest */ = {isa = PBXFileReference; explicitFileType = wrapper.cfbundle; includeInIndex = 0; path = 002Tests.xctest; sourceTree = BUILT_PRODUCTS_DIR; };
		1D75DBED1956C6FC0096090A /* Info.plist */ = {isa = PBXFileReference; lastKnownFileType = text.plist.xml; path = Info.plist; sourceTree = "<group>"; };
		1D75DBEE1956C6FC0096090A /* _02Tests.swift */ = {isa = PBXFileReference; lastKnownFileType = sourcecode.swift; path = _02Tests.swift; sourceTree = "<group>"; };
/* End PBXFileReference section */

/* Begin PBXFrameworksBuildPhase section */
		1D75DBD31956C6FC0096090A /* Frameworks */ = {
			isa = PBXFrameworksBuildPhase;
			buildActionMask = 2147483647;
			files = (
			);
			runOnlyForDeploymentPostprocessing = 0;
		};
		1D75DBE51956C6FC0096090A /* Frameworks */ = {
			isa = PBXFrameworksBuildPhase;
			buildActionMask = 2147483647;
			files = (
			);
			runOnlyForDeploymentPostprocessing = 0;
		};
/* End PBXFrameworksBuildPhase section */

/* Begin PBXGroup section */
		1D75DBCD1956C6FC0096090A = {
			isa = PBXGroup;
			children = (
				1D75DBD81956C6FC0096090A /* 002 */,
				1D75DBEB1956C6FC0096090A /* 002Tests */,
				1D75DBD71956C6FC0096090A /* Products */,
			);
			sourceTree = "<group>";
		};
		1D75DBD71956C6FC0096090A /* Products */ = {
			isa = PBXGroup;
			children = (
				1D75DBD61956C6FC0096090A /* 002.app */,
				1D75DBE81956C6FC0096090A /* 002Tests.xctest */,
			);
			name = Products;
			sourceTree = "<group>";
		};
		1D75DBD81956C6FC0096090A /* 002 */ = {
			isa = PBXGroup;
			children = (
				1D75DBDB1956C6FC0096090A /* AppDelegate.swift */,
				1D75DBDD1956C6FC0096090A /* ViewController.swift */,
				1D75DBDF1956C6FC0096090A /* Main.storyboard */,
				1D75DBE21956C6FC0096090A /* Images.xcassets */,
				1D75DBD91956C6FC0096090A /* Supporting Files */,
			);
			path = 002;
			sourceTree = "<group>";
		};
		1D75DBD91956C6FC0096090A /* Supporting Files */ = {
			isa = PBXGroup;
			children = (
				1D75DBDA1956C6FC0096090A /* Info.plist */,
			);
			name = "Supporting Files";
			sourceTree = "<group>";
		};
		1D75DBEB1956C6FC0096090A /* 002Tests */ = {
			isa = PBXGroup;
			children = (
				1D75DBEE1956C6FC0096090A /* _02Tests.swift */,
				1D75DBEC1956C6FC0096090A /* Supporting Files */,
			);
			path = 002Tests;
			sourceTree = "<group>";
		};
		1D75DBEC1956C6FC0096090A /* Supporting Files */ = {
			isa = PBXGroup;
			children = (
				1D75DBED1956C6FC0096090A /* Info.plist */,
			);
			name = "Supporting Files";
			sourceTree = "<group>";
		};
/* End PBXGroup section */

/* Begin PBXNativeTarget section */
		1D75DBD51956C6FC0096090A /* 002 */ = {
			isa = PBXNativeTarget;
			buildConfigurationList = 1D75DBF21956C6FC0096090A /* Build configuration list for PBXNativeTarget "002" */;
			buildPhases = (
				1D75DBD21956C6FC0096090A /* Sources */,
				1D75DBD31956C6FC0096090A /* Frameworks */,
				1D75DBD41956C6FC0096090A /* Resources */,
			);
			buildRules = (
			);
			dependencies = (
			);
			name = 002;
			productName = 002;
			productReference = 1D75DBD61956C6FC0096090A /* 002.app */;
			productType = "com.apple.product-type.application";
		};
		1D75DBE71956C6FC0096090A /* 002Tests */ = {
			isa = PBXNativeTarget;
			buildConfigurationList = 1D75DBF51956C6FC0096090A /* Build configuration list for PBXNativeTarget "002Tests" */;
			buildPhases = (
				1D75DBE41956C6FC0096090A /* Sources */,
				1D75DBE51956C6FC0096090A /* Frameworks */,
				1D75DBE61956C6FC0096090A /* Resources */,
			);
			buildRules = (
			);
			dependencies = (
				1D75DBEA1956C6FC0096090A /* PBXTargetDependency */,
			);
			name = 002Tests;
			productName = 002Tests;
			productReference = 1D75DBE81956C6FC0096090A /* 002Tests.xctest */;
			productType = "com.apple.product-type.bundle.unit-test";
		};
/* End PBXNativeTarget section */

/* Begin PBXProject section */
		1D75DBCE1956C6FC0096090A /* Project object */ = {
			isa = PBXProject;
			attributes = {
				LastUpgradeCheck = 0600;
				ORGANIZATIONNAME = "swift 101";
				TargetAttributes = {
					1D75DBD51956C6FC0096090A = {
						CreatedOnToolsVersion = 6.0;
					};
					1D75DBE71956C6FC0096090A = {
						CreatedOnToolsVersion = 6.0;
						TestTargetID = 1D75DBD51956C6FC0096090A;
					};
				};
			};
			buildConfigurationList = 1D75DBD11956C6FC0096090A /* Build configuration list for PBXProject "002" */;
			compatibilityVersion = "Xcode 3.2";
			developmentRegion = English;
			hasScannedForEncodings = 0;
			knownRegions = (
				en,
				Base,
			);
			mainGroup = 1D75DBCD1956C6FC0096090A;
			productRefGroup = 1D75DBD71956C6FC0096090A /* Products */;
			projectDirPath = "";
			projectRoot = "";
			targets = (
				1D75DBD51956C6FC0096090A /* 002 */,
				1D75DBE71956C6FC0096090A /* 002Tests */,
			);
		};
/* End PBXProject section */

/* Begin PBXResourcesBuildPhase section */
		1D75DBD41956C6FC0096090A /* Resources */ = {
			isa = PBXResourcesBuildPhase;
			buildActionMask = 2147483647;
			files = (
				1D75DBE11956C6FC0096090A /* Main.storyboard in Resources */,
				1D75DBE31956C6FC0096090A /* Images.xcassets in Resources */,
			);
			runOnlyForDeploymentPostprocessing = 0;
		};
		1D75DBE61956C6FC0096090A /* Resources */ = {
			isa = PBXResourcesBuildPhase;
			buildActionMask = 2147483647;
			files = (
			);
			runOnlyForDeploymentPostprocessing = 0;
		};
/* End PBXResourcesBuildPhase section */

/* Begin PBXSourcesBuildPhase section */
		1D75DBD21956C6FC0096090A /* Sources */ = {
			isa = PBXSourcesBuildPhase;
			buildActionMask = 2147483647;
			files = (
				1D75DBDE1956C6FC0096090A /* ViewController.swift in Sources */,
				1D75DBDC1956C6FC0096090A /* AppDelegate.swift in Sources */,
			);
			runOnlyForDeploymentPostprocessing = 0;
		};
		1D75DBE41956C6FC0096090A /* Sources */ = {
			isa = PBXSourcesBuildPhase;
			buildActionMask = 2147483647;
			files = (
				1D75DBEF1956C6FC0096090A /* _02Tests.swift in Sources */,
			);
			runOnlyForDeploymentPostprocessing = 0;
		};
/* End PBXSourcesBuildPhase section */

/* Begin PBXTargetDependency section */
		1D75DBEA1956C6FC0096090A /* PBXTargetDependency */ = {
			isa = PBXTargetDependency;
			target = 1D75DBD51956C6FC0096090A /* 002 */;
			targetProxy = 1D75DBE91956C6FC0096090A /* PBXContainerItemProxy */;
		};
/* End PBXTargetDependency section */

/* Begin PBXVariantGroup section */
		1D75DBDF1956C6FC0096090A /* Main.storyboard */ = {
			isa = PBXVariantGroup;
			children = (
				1D75DBE01956C6FC0096090A /* Base */,
			);
			name = Main.storyboard;
			sourceTree = "<group>";
		};
/* End PBXVariantGroup section */

/* Begin XCBuildConfiguration section */
		1D75DBF01956C6FC0096090A /* Debug */ = {
			isa = XCBuildConfiguration;
			buildSettings = {
				ALWAYS_SEARCH_USER_PATHS = NO;
				CLANG_CXX_LANGUAGE_STANDARD = "gnu++0x";
				CLANG_CXX_LIBRARY = "libc++";
				CLANG_ENABLE_MODULES = YES;
				CLANG_ENABLE_OBJC_ARC = YES;
				CLANG_WARN_BOOL_CONVERSION = YES;
				CLANG_WARN_CONSTANT_CONVERSION = YES;
				CLANG_WARN_DIRECT_OBJC_ISA_USAGE = YES_ERROR;
				CLANG_WARN_EMPTY_BODY = YES;
				CLANG_WARN_ENUM_CONVERSION = YES;
				CLANG_WARN_INT_CONVERSION = YES;
				CLANG_WARN_OBJC_ROOT_CLASS = YES_ERROR;
				CLANG_WARN_UNREACHABLE_CODE = YES;
				CLANG_WARN__DUPLICATE_METHOD_MATCH = YES;
				"CODE_SIGN_IDENTITY[sdk=iphoneos*]" = "iPhone Developer";
				COPY_PHASE_STRIP = NO;
				ENABLE_STRICT_OBJC_MSGSEND = YES;
				GCC_C_LANGUAGE_STANDARD = gnu99;
				GCC_DYNAMIC_NO_PIC = NO;
				GCC_OPTIMIZATION_LEVEL = 0;
				GCC_PREPROCESSOR_DEFINITIONS = (
					"DEBUG=1",
					"$(inherited)",
				);
				GCC_SYMBOLS_PRIVATE_EXTERN = NO;
				GCC_WARN_64_TO_32_BIT_CONVERSION = YES;
				GCC_WARN_ABOUT_RETURN_TYPE = YES_ERROR;
				GCC_WARN_UNDECLARED_SELECTOR = YES;
				GCC_WARN_UNINITIALIZED_AUTOS = YES_AGGRESSIVE;
				GCC_WARN_UNUSED_FUNCTION = YES;
				GCC_WARN_UNUSED_VARIABLE = YES;
				IPHONEOS_DEPLOYMENT_TARGET = 8.0;
				METAL_ENABLE_DEBUG_INFO = YES;
				ONLY_ACTIVE_ARCH = YES;
				SDKROOT = iphoneos;
				SWIFT_OPTIMIZATION_LEVEL = "-Onone";
			};
			name = Debug;
		};
		1D75DBF11956C6FC0096090A /* Release */ = {
			isa = XCBuildConfiguration;
			buildSettings = {
				ALWAYS_SEARCH_USER_PATHS = NO;
				CLANG_CXX_LANGUAGE_STANDARD = "gnu++0x";
				CLANG_CXX_LIBRARY = "libc++";
				CLANG_ENABLE_MODULES = YES;
				CLANG_ENABLE_OBJC_ARC = YES;
				CLANG_WARN_BOOL_CONVERSION = YES;
				CLANG_WARN_CONSTANT_CONVERSION = YES;
				CLANG_WARN_DIRECT_OBJC_ISA_USAGE = YES_ERROR;
				CLANG_WARN_EMPTY_BODY = YES;
				CLANG_WARN_ENUM_CONVERSION = YES;
				CLANG_WARN_INT_CONVERSION = YES;
				CLANG_WARN_OBJC_ROOT_CLASS = YES_ERROR;
				CLANG_WARN_UNREACHABLE_CODE = YES;
				CLANG_WARN__DUPLICATE_METHOD_MATCH = YES;
				"CODE_SIGN_IDENTITY[sdk=iphoneos*]" = "iPhone Developer";
				COPY_PHASE_STRIP = YES;
				ENABLE_NS_ASSERTIONS = NO;
				ENABLE_STRICT_OBJC_MSGSEND = YES;
				GCC_C_LANGUAGE_STANDARD = gnu99;
				GCC_WARN_64_TO_32_BIT_CONVERSION = YES;
				GCC_WARN_ABOUT_RETURN_TYPE = YES_ERROR;
				GCC_WARN_UNDECLARED_SELECTOR = YES;
				GCC_WARN_UNINITIALIZED_AUTOS = YES_AGGRESSIVE;
				GCC_WARN_UNUSED_FUNCTION = YES;
				GCC_WARN_UNUSED_VARIABLE = YES;
				IPHONEOS_DEPLOYMENT_TARGET = 8.0;
				METAL_ENABLE_DEBUG_INFO = NO;
				SDKROOT = iphoneos;
				VALIDATE_PRODUCT = YES;
			};
			name = Release;
		};
		1D75DBF31956C6FC0096090A /* Debug */ = {
			isa = XCBuildConfiguration;
			buildSettings = {
				ASSETCATALOG_COMPILER_APPICON_NAME = AppIcon;
				ASSETCATALOG_COMPILER_LAUNCHIMAGE_NAME = LaunchImage;
				INFOPLIST_FILE = 002/Info.plist;
				LD_RUNPATH_SEARCH_PATHS = "$(inherited) @executable_path/Frameworks";
				PRODUCT_NAME = "$(TARGET_NAME)";
			};
			name = Debug;
		};
		1D75DBF41956C6FC0096090A /* Release */ = {
			isa = XCBuildConfiguration;
			buildSettings = {
				ASSETCATALOG_COMPILER_APPICON_NAME = AppIcon;
				ASSETCATALOG_COMPILER_LAUNCHIMAGE_NAME = LaunchImage;
				INFOPLIST_FILE = 002/Info.plist;
				LD_RUNPATH_SEARCH_PATHS = "$(inherited) @executable_path/Frameworks";
				PRODUCT_NAME = "$(TARGET_NAME)";
			};
			name = Release;
		};
		1D75DBF61956C6FC0096090A /* Debug */ = {
			isa = XCBuildConfiguration;
			buildSettings = {
				BUNDLE_LOADER = "$(BUILT_PRODUCTS_DIR)/002.app/002";
				FRAMEWORK_SEARCH_PATHS = (
					"$(SDKROOT)/Developer/Library/Frameworks",
					"$(inherited)",
				);
				GCC_PREPROCESSOR_DEFINITIONS = (
					"DEBUG=1",
					"$(inherited)",
				);
				INFOPLIST_FILE = 002Tests/Info.plist;
				LD_RUNPATH_SEARCH_PATHS = "$(inherited) @executable_path/Frameworks @loader_path/Frameworks";
				METAL_ENABLE_DEBUG_INFO = YES;
				PRODUCT_NAME = "$(TARGET_NAME)";
				TEST_HOST = "$(BUNDLE_LOADER)";
			};
			name = Debug;
		};
		1D75DBF71956C6FC0096090A /* Release */ = {
			isa = XCBuildConfiguration;
			buildSettings = {
				BUNDLE_LOADER = "$(BUILT_PRODUCTS_DIR)/002.app/002";
				FRAMEWORK_SEARCH_PATHS = (
					"$(SDKROOT)/Developer/Library/Frameworks",
					"$(inherited)",
				);
				INFOPLIST_FILE = 002Tests/Info.plist;
				LD_RUNPATH_SEARCH_PATHS = "$(inherited) @executable_path/Frameworks @loader_path/Frameworks";
				METAL_ENABLE_DEBUG_INFO = NO;
				PRODUCT_NAME = "$(TARGET_NAME)";
				TEST_HOST = "$(BUNDLE_LOADER)";
			};
			name = Release;
		};
/* End XCBuildConfiguration section */

/* Begin XCConfigurationList section */
		1D75DBD11956C6FC0096090A /* Build configuration list for PBXProject "002" */ = {
			isa = XCConfigurationList;
			buildConfigurations = (
				1D75DBF01956C6FC0096090A /* Debug */,
				1D75DBF11956C6FC0096090A /* Release */,
			);
			defaultConfigurationIsVisible = 0;
			defaultConfigurationName = Release;
		};
		1D75DBF21956C6FC0096090A /* Build configuration list for PBXNativeTarget "002" */ = {
			isa = XCConfigurationList;
			buildConfigurations = (
				1D75DBF31956C6FC0096090A /* Debug */,
				1D75DBF41956C6FC0096090A /* Release */,
			);
			defaultConfigurationIsVisible = 0;
		};
		1D75DBF51956C6FC0096090A /* Build configuration list for PBXNativeTarget "002Tests" */ = {
			isa = XCConfigurationList;
			buildConfigurations = (
				1D75DBF61956C6FC0096090A /* Debug */,
				1D75DBF71956C6FC0096090A /* Release */,
			);
			defaultConfigurationIsVisible = 0;
		};
/* End XCConfigurationList section */
	};
	rootObject = 1D75DBCE1956C6FC0096090A /* Project object */;
}
