// !$*UTF8*$!
{
	archiveVersion = 1;
	classes = {
	};
	objectVersion = 46;
	objects = {

/* Begin PBXBuildFile section */
		7D2E00001956BD6200308D4B /* detail.jpg in Resources */ = {isa = PBXBuildFile; fileRef = 7D2EFFFC1956BD6200308D4B /* detail.jpg */; };
		7D2E00011956BD6200308D4B /* logo.jpg in Resources */ = {isa = PBXBuildFile; fileRef = 7D2EFFFD1956BD6200308D4B /* logo.jpg */; };
		7D2E00031956BF7F00308D4B /* ChannelController.swift in Sources */ = {isa = PBXBuildFile; fileRef = 7D2E00021956BF7F00308D4B /* ChannelController.swift */; };
		7D2E00051957A6F400308D4B /* HttpController.swift in Sources */ = {isa = PBXBuildFile; fileRef = 7D2E00041957A6F400308D4B /* HttpController.swift */; };
		7D2EFFDD1956BD2000308D4B /* AppDelegate.swift in Sources */ = {isa = PBXBuildFile; fileRef = 7D2EFFDC1956BD2000308D4B /* AppDelegate.swift */; };
		7D2EFFDF1956BD2000308D4B /* ViewController.swift in Sources */ = {isa = PBXBuildFile; fileRef = 7D2EFFDE1956BD2000308D4B /* ViewController.swift */; };
		7D2EFFE21956BD2000308D4B /* Main.storyboard in Resources */ = {isa = PBXBuildFile; fileRef = 7D2EFFE01956BD2000308D4B /* Main.storyboard */; };
		7D2EFFE41956BD2000308D4B /* Images.xcassets in Resources */ = {isa = PBXBuildFile; fileRef = 7D2EFFE31956BD2000308D4B /* Images.xcassets */; };
		7D2EFFF01956BD2000308D4B /* DBFMTests.swift in Sources */ = {isa = PBXBuildFile; fileRef = 7D2EFFEF1956BD2000308D4B /* DBFMTests.swift */; };
		7D2EFFFE1956BD6200308D4B /* btnChannel.png in Resources */ = {isa = PBXBuildFile; fileRef = 7D2EFFFA1956BD6200308D4B /* btnChannel.png */; };
		7D2EFFFF1956BD6200308D4B /* btnPlay.png in Resources */ = {isa = PBXBuildFile; fileRef = 7D2EFFFB1956BD6200308D4B /* btnPlay.png */; };
/* End PBXBuildFile section */

/* Begin PBXContainerItemProxy section */
		7D2EFFEA1956BD2000308D4B /* PBXContainerItemProxy */ = {
			isa = PBXContainerItemProxy;
			containerPortal = 7D2EFFCF1956BD2000308D4B /* Project object */;
			proxyType = 1;
			remoteGlobalIDString = 7D2EFFD61956BD2000308D4B;
			remoteInfo = DBFM;
		};
/* End PBXContainerItemProxy section */

/* Begin PBXFileReference section */
		7D2E00021956BF7F00308D4B /* ChannelController.swift */ = {isa = PBXFileReference; fileEncoding = 4; lastKnownFileType = sourcecode.swift; path = ChannelController.swift; sourceTree = "<group>"; };
		7D2E00041957A6F400308D4B /* HttpController.swift */ = {isa = PBXFileReference; fileEncoding = 4; lastKnownFileType = sourcecode.swift; path = HttpController.swift; sourceTree = "<group>"; };
		7D2EFFD71956BD2000308D4B /* DBFM.app */ = {isa = PBXFileReference; explicitFileType = wrapper.application; includeInIndex = 0; path = DBFM.app; sourceTree = BUILT_PRODUCTS_DIR; };
		7D2EFFDB1956BD2000308D4B /* Info.plist */ = {isa = PBXFileReference; lastKnownFileType = text.plist.xml; path = Info.plist; sourceTree = "<group>"; };
		7D2EFFDC1956BD2000308D4B /* AppDelegate.swift */ = {isa = PBXFileReference; lastKnownFileType = sourcecode.swift; path = AppDelegate.swift; sourceTree = "<group>"; };
		7D2EFFDE1956BD2000308D4B /* ViewController.swift */ = {isa = PBXFileReference; lastKnownFileType = sourcecode.swift; path = ViewController.swift; sourceTree = "<group>"; };
		7D2EFFE11956BD2000308D4B /* Base */ = {isa = PBXFileReference; lastKnownFileType = file.storyboard; name = Base; path = Base.lproj/Main.storyboard; sourceTree = "<group>"; };
		7D2EFFE31956BD2000308D4B /* Images.xcassets */ = {isa = PBXFileReference; lastKnownFileType = folder.assetcatalog; path = Images.xcassets; sourceTree = "<group>"; };
		7D2EFFE91956BD2000308D4B /* DBFMTests.xctest */ = {isa = PBXFileReference; explicitFileType = wrapper.cfbundle; includeInIndex = 0; path = DBFMTests.xctest; sourceTree = BUILT_PRODUCTS_DIR; };
		7D2EFFEE1956BD2000308D4B /* Info.plist */ = {isa = PBXFileReference; lastKnownFileType = text.plist.xml; path = Info.plist; sourceTree = "<group>"; };
		7D2EFFEF1956BD2000308D4B /* DBFMTests.swift */ = {isa = PBXFileReference; lastKnownFileType = sourcecode.swift; path = DBFMTests.swift; sourceTree = "<group>"; };
		7D2EFFFA1956BD6200308D4B /* btnChannel.png */ = {isa = PBXFileReference; lastKnownFileType = image.png; path = btnChannel.png; sourceTree = "<group>"; };
		7D2EFFFB1956BD6200308D4B /* btnPlay.png */ = {isa = PBXFileReference; lastKnownFileType = image.png; path = btnPlay.png; sourceTree = "<group>"; };
		7D2EFFFC1956BD6200308D4B /* detail.jpg */ = {isa = PBXFileReference; lastKnownFileType = image.jpeg; path = detail.jpg; sourceTree = "<group>"; };
		7D2EFFFD1956BD6200308D4B /* logo.jpg */ = {isa = PBXFileReference; lastKnownFileType = image.jpeg; path = logo.jpg; sourceTree = "<group>"; };
/* End PBXFileReference section */

/* Begin PBXFrameworksBuildPhase section */
		7D2EFFD41956BD2000308D4B /* Frameworks */ = {
			isa = PBXFrameworksBuildPhase;
			buildActionMask = 2147483647;
			files = (
			);
			runOnlyForDeploymentPostprocessing = 0;
		};
		7D2EFFE61956BD2000308D4B /* Frameworks */ = {
			isa = PBXFrameworksBuildPhase;
			buildActionMask = 2147483647;
			files = (
			);
			runOnlyForDeploymentPostprocessing = 0;
		};
/* End PBXFrameworksBuildPhase section */

/* Begin PBXGroup section */
		7D2EFFCE1956BD2000308D4B = {
			isa = PBXGroup;
			children = (
				7D2EFFD91956BD2000308D4B /* DBFM */,
				7D2EFFEC1956BD2000308D4B /* DBFMTests */,
				7D2EFFD81956BD2000308D4B /* Products */,
			);
			sourceTree = "<group>";
		};
		7D2EFFD81956BD2000308D4B /* Products */ = {
			isa = PBXGroup;
			children = (
				7D2EFFD71956BD2000308D4B /* DBFM.app */,
				7D2EFFE91956BD2000308D4B /* DBFMTests.xctest */,
			);
			name = Products;
			sourceTree = "<group>";
		};
		7D2EFFD91956BD2000308D4B /* DBFM */ = {
			isa = PBXGroup;
			children = (
				7D2EFFF91956BD6200308D4B /* images */,
				7D2E00021956BF7F00308D4B /* ChannelController.swift */,
				7D2EFFDC1956BD2000308D4B /* AppDelegate.swift */,
				7D2EFFDE1956BD2000308D4B /* ViewController.swift */,
				7D2EFFE01956BD2000308D4B /* Main.storyboard */,
				7D2E00041957A6F400308D4B /* HttpController.swift */,
				7D2EFFE31956BD2000308D4B /* Images.xcassets */,
				7D2EFFDA1956BD2000308D4B /* Supporting Files */,
			);
			path = DBFM;
			sourceTree = "<group>";
		};
		7D2EFFDA1956BD2000308D4B /* Supporting Files */ = {
			isa = PBXGroup;
			children = (
				7D2EFFDB1956BD2000308D4B /* Info.plist */,
			);
			name = "Supporting Files";
			sourceTree = "<group>";
		};
		7D2EFFEC1956BD2000308D4B /* DBFMTests */ = {
			isa = PBXGroup;
			children = (
				7D2EFFEF1956BD2000308D4B /* DBFMTests.swift */,
				7D2EFFED1956BD2000308D4B /* Supporting Files */,
			);
			path = DBFMTests;
			sourceTree = "<group>";
		};
		7D2EFFED1956BD2000308D4B /* Supporting Files */ = {
			isa = PBXGroup;
			children = (
				7D2EFFEE1956BD2000308D4B /* Info.plist */,
			);
			name = "Supporting Files";
			sourceTree = "<group>";
		};
		7D2EFFF91956BD6200308D4B /* images */ = {
			isa = PBXGroup;
			children = (
				7D2EFFFA1956BD6200308D4B /* btnChannel.png */,
				7D2EFFFB1956BD6200308D4B /* btnPlay.png */,
				7D2EFFFC1956BD6200308D4B /* detail.jpg */,
				7D2EFFFD1956BD6200308D4B /* logo.jpg */,
			);
			name = images;
			path = ../../../images;
			sourceTree = "<group>";
		};
/* End PBXGroup section */

/* Begin PBXNativeTarget section */
		7D2EFFD61956BD2000308D4B /* DBFM */ = {
			isa = PBXNativeTarget;
			buildConfigurationList = 7D2EFFF31956BD2000308D4B /* Build configuration list for PBXNativeTarget "DBFM" */;
			buildPhases = (
				7D2EFFD31956BD2000308D4B /* Sources */,
				7D2EFFD41956BD2000308D4B /* Frameworks */,
				7D2EFFD51956BD2000308D4B /* Resources */,
			);
			buildRules = (
			);
			dependencies = (
			);
			name = DBFM;
			productName = DBFM;
			productReference = 7D2EFFD71956BD2000308D4B /* DBFM.app */;
			productType = "com.apple.product-type.application";
		};
		7D2EFFE81956BD2000308D4B /* DBFMTests */ = {
			isa = PBXNativeTarget;
			buildConfigurationList = 7D2EFFF61956BD2000308D4B /* Build configuration list for PBXNativeTarget "DBFMTests" */;
			buildPhases = (
				7D2EFFE51956BD2000308D4B /* Sources */,
				7D2EFFE61956BD2000308D4B /* Frameworks */,
				7D2EFFE71956BD2000308D4B /* Resources */,
			);
			buildRules = (
			);
			dependencies = (
				7D2EFFEB1956BD2000308D4B /* PBXTargetDependency */,
			);
			name = DBFMTests;
			productName = DBFMTests;
			productReference = 7D2EFFE91956BD2000308D4B /* DBFMTests.xctest */;
			productType = "com.apple.product-type.bundle.unit-test";
		};
/* End PBXNativeTarget section */

/* Begin PBXProject section */
		7D2EFFCF1956BD2000308D4B /* Project object */ = {
			isa = PBXProject;
			attributes = {
				LastUpgradeCheck = 0600;
				ORGANIZATIONNAME = lovefancy;
				TargetAttributes = {
					7D2EFFD61956BD2000308D4B = {
						CreatedOnToolsVersion = 6.0;
					};
					7D2EFFE81956BD2000308D4B = {
						CreatedOnToolsVersion = 6.0;
						TestTargetID = 7D2EFFD61956BD2000308D4B;
					};
				};
			};
			buildConfigurationList = 7D2EFFD21956BD2000308D4B /* Build configuration list for PBXProject "DBFM" */;
			compatibilityVersion = "Xcode 3.2";
			developmentRegion = English;
			hasScannedForEncodings = 0;
			knownRegions = (
				en,
				Base,
			);
			mainGroup = 7D2EFFCE1956BD2000308D4B;
			productRefGroup = 7D2EFFD81956BD2000308D4B /* Products */;
			projectDirPath = "";
			projectRoot = "";
			targets = (
				7D2EFFD61956BD2000308D4B /* DBFM */,
				7D2EFFE81956BD2000308D4B /* DBFMTests */,
			);
		};
/* End PBXProject section */

/* Begin PBXResourcesBuildPhase section */
		7D2EFFD51956BD2000308D4B /* Resources */ = {
			isa = PBXResourcesBuildPhase;
			buildActionMask = 2147483647;
			files = (
				7D2EFFFF1956BD6200308D4B /* btnPlay.png in Resources */,
				7D2EFFFE1956BD6200308D4B /* btnChannel.png in Resources */,
				7D2E00001956BD6200308D4B /* detail.jpg in Resources */,
				7D2EFFE21956BD2000308D4B /* Main.storyboard in Resources */,
				7D2E00011956BD6200308D4B /* logo.jpg in Resources */,
				7D2EFFE41956BD2000308D4B /* Images.xcassets in Resources */,
			);
			runOnlyForDeploymentPostprocessing = 0;
		};
		7D2EFFE71956BD2000308D4B /* Resources */ = {
			isa = PBXResourcesBuildPhase;
			buildActionMask = 2147483647;
			files = (
			);
			runOnlyForDeploymentPostprocessing = 0;
		};
/* End PBXResourcesBuildPhase section */

/* Begin PBXSourcesBuildPhase section */
		7D2EFFD31956BD2000308D4B /* Sources */ = {
			isa = PBXSourcesBuildPhase;
			buildActionMask = 2147483647;
			files = (
				7D2EFFDF1956BD2000308D4B /* ViewController.swift in Sources */,
				7D2EFFDD1956BD2000308D4B /* AppDelegate.swift in Sources */,
				7D2E00031956BF7F00308D4B /* ChannelController.swift in Sources */,
				7D2E00051957A6F400308D4B /* HttpController.swift in Sources */,
			);
			runOnlyForDeploymentPostprocessing = 0;
		};
		7D2EFFE51956BD2000308D4B /* Sources */ = {
			isa = PBXSourcesBuildPhase;
			buildActionMask = 2147483647;
			files = (
				7D2EFFF01956BD2000308D4B /* DBFMTests.swift in Sources */,
			);
			runOnlyForDeploymentPostprocessing = 0;
		};
/* End PBXSourcesBuildPhase section */

/* Begin PBXTargetDependency section */
		7D2EFFEB1956BD2000308D4B /* PBXTargetDependency */ = {
			isa = PBXTargetDependency;
			target = 7D2EFFD61956BD2000308D4B /* DBFM */;
			targetProxy = 7D2EFFEA1956BD2000308D4B /* PBXContainerItemProxy */;
		};
/* End PBXTargetDependency section */

/* Begin PBXVariantGroup section */
		7D2EFFE01956BD2000308D4B /* Main.storyboard */ = {
			isa = PBXVariantGroup;
			children = (
				7D2EFFE11956BD2000308D4B /* Base */,
			);
			name = Main.storyboard;
			sourceTree = "<group>";
		};
/* End PBXVariantGroup section */

/* Begin XCBuildConfiguration section */
		7D2EFFF11956BD2000308D4B /* Debug */ = {
			isa = XCBuildConfiguration;
			buildSettings = {
				ALWAYS_SEARCH_USER_PATHS = NO;
				CLANG_CXX_LANGUAGE_STANDARD = "gnu++0x";
				CLANG_CXX_LIBRARY = "libc++";
				CLANG_ENABLE_MODULES = YES;
				CLANG_ENABLE_OBJC_ARC = YES;
				CLANG_WARN_BOOL_CONVERSION = YES;
				CLANG_WARN_CONSTANT_CONVERSION = YES;
				CLANG_WARN_DIRECT_OBJC_ISA_USAGE = YES_ERROR;
				CLANG_WARN_EMPTY_BODY = YES;
				CLANG_WARN_ENUM_CONVERSION = YES;
				CLANG_WARN_INT_CONVERSION = YES;
				CLANG_WARN_OBJC_ROOT_CLASS = YES_ERROR;
				CLANG_WARN_UNREACHABLE_CODE = YES;
				CLANG_WARN__DUPLICATE_METHOD_MATCH = YES;
				"CODE_SIGN_IDENTITY[sdk=iphoneos*]" = "iPhone Developer";
				COPY_PHASE_STRIP = NO;
				ENABLE_STRICT_OBJC_MSGSEND = YES;
				GCC_C_LANGUAGE_STANDARD = gnu99;
				GCC_DYNAMIC_NO_PIC = NO;
				GCC_OPTIMIZATION_LEVEL = 0;
				GCC_PREPROCESSOR_DEFINITIONS = (
					"DEBUG=1",
					"$(inherited)",
				);
				GCC_SYMBOLS_PRIVATE_EXTERN = NO;
				GCC_WARN_64_TO_32_BIT_CONVERSION = YES;
				GCC_WARN_ABOUT_RETURN_TYPE = YES_ERROR;
				GCC_WARN_UNDECLARED_SELECTOR = YES;
				GCC_WARN_UNINITIALIZED_AUTOS = YES_AGGRESSIVE;
				GCC_WARN_UNUSED_FUNCTION = YES;
				GCC_WARN_UNUSED_VARIABLE = YES;
				IPHONEOS_DEPLOYMENT_TARGET = 8.0;
				METAL_ENABLE_DEBUG_INFO = YES;
				ONLY_ACTIVE_ARCH = YES;
				SDKROOT = iphoneos;
				SWIFT_OPTIMIZATION_LEVEL = "-Onone";
			};
			name = Debug;
		};
		7D2EFFF21956BD2000308D4B /* Release */ = {
			isa = XCBuildConfiguration;
			buildSettings = {
				ALWAYS_SEARCH_USER_PATHS = NO;
				CLANG_CXX_LANGUAGE_STANDARD = "gnu++0x";
				CLANG_CXX_LIBRARY = "libc++";
				CLANG_ENABLE_MODULES = YES;
				CLANG_ENABLE_OBJC_ARC = YES;
				CLANG_WARN_BOOL_CONVERSION = YES;
				CLANG_WARN_CONSTANT_CONVERSION = YES;
				CLANG_WARN_DIRECT_OBJC_ISA_USAGE = YES_ERROR;
				CLANG_WARN_EMPTY_BODY = YES;
				CLANG_WARN_ENUM_CONVERSION = YES;
				CLANG_WARN_INT_CONVERSION = YES;
				CLANG_WARN_OBJC_ROOT_CLASS = YES_ERROR;
				CLANG_WARN_UNREACHABLE_CODE = YES;
				CLANG_WARN__DUPLICATE_METHOD_MATCH = YES;
				"CODE_SIGN_IDENTITY[sdk=iphoneos*]" = "iPhone Developer";
				COPY_PHASE_STRIP = YES;
				ENABLE_NS_ASSERTIONS = NO;
				ENABLE_STRICT_OBJC_MSGSEND = YES;
				GCC_C_LANGUAGE_STANDARD = gnu99;
				GCC_WARN_64_TO_32_BIT_CONVERSION = YES;
				GCC_WARN_ABOUT_RETURN_TYPE = YES_ERROR;
				GCC_WARN_UNDECLARED_SELECTOR = YES;
				GCC_WARN_UNINITIALIZED_AUTOS = YES_AGGRESSIVE;
				GCC_WARN_UNUSED_FUNCTION = YES;
				GCC_WARN_UNUSED_VARIABLE = YES;
				IPHONEOS_DEPLOYMENT_TARGET = 8.0;
				METAL_ENABLE_DEBUG_INFO = NO;
				SDKROOT = iphoneos;
				VALIDATE_PRODUCT = YES;
			};
			name = Release;
		};
		7D2EFFF41956BD2000308D4B /* Debug */ = {
			isa = XCBuildConfiguration;
			buildSettings = {
				ASSETCATALOG_COMPILER_APPICON_NAME = AppIcon;
				ASSETCATALOG_COMPILER_LAUNCHIMAGE_NAME = LaunchImage;
				INFOPLIST_FILE = DBFM/Info.plist;
				LD_RUNPATH_SEARCH_PATHS = "$(inherited) @executable_path/Frameworks";
				PRODUCT_NAME = "$(TARGET_NAME)";
			};
			name = Debug;
		};
		7D2EFFF51956BD2000308D4B /* Release */ = {
			isa = XCBuildConfiguration;
			buildSettings = {
				ASSETCATALOG_COMPILER_APPICON_NAME = AppIcon;
				ASSETCATALOG_COMPILER_LAUNCHIMAGE_NAME = LaunchImage;
				INFOPLIST_FILE = DBFM/Info.plist;
				LD_RUNPATH_SEARCH_PATHS = "$(inherited) @executable_path/Frameworks";
				PRODUCT_NAME = "$(TARGET_NAME)";
			};
			name = Release;
		};
		7D2EFFF71956BD2000308D4B /* Debug */ = {
			isa = XCBuildConfiguration;
			buildSettings = {
				BUNDLE_LOADER = "$(BUILT_PRODUCTS_DIR)/DBFM.app/DBFM";
				FRAMEWORK_SEARCH_PATHS = (
					"$(SDKROOT)/Developer/Library/Frameworks",
					"$(inherited)",
				);
				GCC_PREPROCESSOR_DEFINITIONS = (
					"DEBUG=1",
					"$(inherited)",
				);
				INFOPLIST_FILE = DBFMTests/Info.plist;
				LD_RUNPATH_SEARCH_PATHS = "$(inherited) @executable_path/Frameworks @loader_path/Frameworks";
				METAL_ENABLE_DEBUG_INFO = YES;
				PRODUCT_NAME = "$(TARGET_NAME)";
				TEST_HOST = "$(BUNDLE_LOADER)";
			};
			name = Debug;
		};
		7D2EFFF81956BD2000308D4B /* Release */ = {
			isa = XCBuildConfiguration;
			buildSettings = {
				BUNDLE_LOADER = "$(BUILT_PRODUCTS_DIR)/DBFM.app/DBFM";
				FRAMEWORK_SEARCH_PATHS = (
					"$(SDKROOT)/Developer/Library/Frameworks",
					"$(inherited)",
				);
				INFOPLIST_FILE = DBFMTests/Info.plist;
				LD_RUNPATH_SEARCH_PATHS = "$(inherited) @executable_path/Frameworks @loader_path/Frameworks";
				METAL_ENABLE_DEBUG_INFO = NO;
				PRODUCT_NAME = "$(TARGET_NAME)";
				TEST_HOST = "$(BUNDLE_LOADER)";
			};
			name = Release;
		};
/* End XCBuildConfiguration section */

/* Begin XCConfigurationList section */
		7D2EFFD21956BD2000308D4B /* Build configuration list for PBXProject "DBFM" */ = {
			isa = XCConfigurationList;
			buildConfigurations = (
				7D2EFFF11956BD2000308D4B /* Debug */,
				7D2EFFF21956BD2000308D4B /* Release */,
			);
			defaultConfigurationIsVisible = 0;
			defaultConfigurationName = Release;
		};
		7D2EFFF31956BD2000308D4B /* Build configuration list for PBXNativeTarget "DBFM" */ = {
			isa = XCConfigurationList;
			buildConfigurations = (
				7D2EFFF41956BD2000308D4B /* Debug */,
				7D2EFFF51956BD2000308D4B /* Release */,
			);
			defaultConfigurationIsVisible = 0;
			defaultConfigurationName = Release;
		};
		7D2EFFF61956BD2000308D4B /* Build configuration list for PBXNativeTarget "DBFMTests" */ = {
			isa = XCConfigurationList;
			buildConfigurations = (
				7D2EFFF71956BD2000308D4B /* Debug */,
				7D2EFFF81956BD2000308D4B /* Release */,
			);
			defaultConfigurationIsVisible = 0;
			defaultConfigurationName = Release;
		};
/* End XCConfigurationList section */
	};
	rootObject = 7D2EFFCF1956BD2000308D4B /* Project object */;
}
